
Microsoft Visual Studio Solution File, Format Version 12.00
# Visual Studio Version 16
VisualStudioVersion = 16.0.30011.22
MinimumVisualStudioVersion = 10.0.40219.1
Project("{FAE04EC0-301F-11D3-BF4B-00C04F79EFBC}") = "Softmatic", "Softmatic\Softmatic.csproj", "{986B8BFB-1035-49BB-8C28-C8970A493376}"
EndProject
Project("{FAE04EC0-301F-11D3-BF4B-00C04F79EFBC}") = "BugTrackerUnitTest", "BugTrackerUnitTest\BugTrackerUnitTest.csproj", "{C4FB10A3-DB44-4F5E-BDE6-F25349727C64}"
EndProject
Global
	GlobalSection(SolutionConfigurationPlatforms) = preSolution
		Debug|Any CPU = Debug|Any CPU
		Release|Any CPU = Release|Any CPU
	EndGlobalSection
	GlobalSection(ProjectConfigurationPlatforms) = postSolution
		{986B8BFB-1035-49BB-8C28-C8970A493376}.Debug|Any CPU.ActiveCfg = Debug|Any CPU
		{986B8BFB-1035-49BB-8C28-C8970A493376}.Debug|Any CPU.Build.0 = Debug|Any CPU
		{986B8BFB-1035-49BB-8C28-C8970A493376}.Release|Any CPU.ActiveCfg = Release|Any CPU
		{986B8BFB-1035-49BB-8C28-C8970A493376}.Release|Any CPU.Build.0 = Release|Any CPU
		{C4FB10A3-DB44-4F5E-BDE6-F25349727C64}.Debug|Any CPU.ActiveCfg = Debug|Any CPU
		{C4FB10A3-DB44-4F5E-BDE6-F25349727C64}.Debug|Any CPU.Build.0 = Debug|Any CPU
		{C4FB10A3-DB44-4F5E-BDE6-F25349727C64}.Release|Any CPU.ActiveCfg = Release|Any CPU
		{C4FB10A3-DB44-4F5E-BDE6-F25349727C64}.Release|Any CPU.Build.0 = Release|Any CPU
	EndGlobalSection
	GlobalSection(SolutionProperties) = preSolution
		HideSolutionNode = FALSE
	EndGlobalSection
	GlobalSection(ExtensibilityGlobals) = postSolution
		SolutionGuid = {D7614E2A-1699-4E62-B2D6-E5E27B20E94A}
	EndGlobalSection
EndGlobal
